
Microsoft Visual Studio Solution File, Format Version 12.00
# Visual Studio 15
VisualStudioVersion = 15.0.28010.0
MinimumVisualStudioVersion = 10.0.40219.1
Project("{FAE04EC0-301F-11D3-BF4B-00C04F79EFBC}") = "TrailerProblemUpdateDLL", "TrailerProblemUpdateDLL\TrailerProblemUpdateDLL.csproj", "{099181C3-D73F-4B45-83AC-C47C5613C73A}"
EndProject
Global
	GlobalSection(SolutionConfigurationPlatforms) = preSolution
		Debug|Any CPU = Debug|Any CPU
		Release|Any CPU = Release|Any CPU
	EndGlobalSection
	GlobalSection(ProjectConfigurationPlatforms) = postSolution
		{099181C3-D73F-4B45-83AC-C47C5613C73A}.Debug|Any CPU.ActiveCfg = Debug|Any CPU
		{099181C3-D73F-4B45-83AC-C47C5613C73A}.Debug|Any CPU.Build.0 = Debug|Any CPU
		{099181C3-D73F-4B45-83AC-C47C5613C73A}.Release|Any CPU.ActiveCfg = Release|Any CPU
		{099181C3-D73F-4B45-83AC-C47C5613C73A}.Release|Any CPU.Build.0 = Release|Any CPU
	EndGlobalSection
	GlobalSection(SolutionProperties) = preSolution
		HideSolutionNode = FALSE
	EndGlobalSection
	GlobalSection(ExtensibilityGlobals) = postSolution
		SolutionGuid = {5C10EA12-3E8D-44C0-B18B-E21C8CC829E1}
	EndGlobalSection
EndGlobal
